
Microsoft Visual Studio Solution File, Format Version 12.00
# Visual Studio Version 16
VisualStudioVersion = 16.0.29728.190
MinimumVisualStudioVersion = 10.0.40219.1
Project("{D954291E-2A0B-460D-934E-DC6B0785DB48}") = "UnoHingeSensor.Shared", "UnoHingeSensor.Shared\UnoHingeSensor.Shared.shproj", "{6279C845-92F8-4333-AB99-3D213163593C}"
EndProject
Project("{FAE04EC0-301F-11D3-BF4B-00C04F79EFBC}") = "UnoHingeSensor.Droid", "UnoHingeSensor.Droid\UnoHingeSensor.Droid.csproj", "{B49E44F3-0D13-46CB-99DC-FA108E6EE4EF}"
EndProject
Project("{FAE04EC0-301F-11D3-BF4B-00C04F79EFBC}") = "UnoHingeSensor.UWP", "UnoHingeSensor.UWP\UnoHingeSensor.UWP.csproj", "{67AA98CD-C237-470E-9CDF-3F3D7A7ADF06}"
EndProject
Global
	GlobalSection(SharedMSBuildProjectFiles) = preSolution
		UnoHingeSensor.Shared\UnoHingeSensor.Shared.projitems*{6279c845-92f8-4333-ab99-3d213163593c}*SharedItemsImports = 13
		UnoHingeSensor.Shared\UnoHingeSensor.Shared.projitems*{67aa98cd-c237-470e-9cdf-3f3d7a7adf06}*SharedItemsImports = 4
		UnoHingeSensor.Shared\UnoHingeSensor.Shared.projitems*{b49e44f3-0d13-46cb-99dc-fa108e6ee4ef}*SharedItemsImports = 4
	EndGlobalSection
	GlobalSection(SolutionConfigurationPlatforms) = preSolution
		Ad-Hoc|Any CPU = Ad-Hoc|Any CPU
		Ad-Hoc|ARM = Ad-Hoc|ARM
		Ad-Hoc|iPhone = Ad-Hoc|iPhone
		Ad-Hoc|iPhoneSimulator = Ad-Hoc|iPhoneSimulator
		Ad-Hoc|x64 = Ad-Hoc|x64
		Ad-Hoc|x86 = Ad-Hoc|x86
		AppStore|Any CPU = AppStore|Any CPU
		AppStore|ARM = AppStore|ARM
		AppStore|iPhone = AppStore|iPhone
		AppStore|iPhoneSimulator = AppStore|iPhoneSimulator
		AppStore|x64 = AppStore|x64
		AppStore|x86 = AppStore|x86
		Debug|Any CPU = Debug|Any CPU
		Debug|ARM = Debug|ARM
		Debug|iPhone = Debug|iPhone
		Debug|iPhoneSimulator = Debug|iPhoneSimulator
		Debug|x64 = Debug|x64
		Debug|x86 = Debug|x86
		Release|Any CPU = Release|Any CPU
		Release|ARM = Release|ARM
		Release|iPhone = Release|iPhone
		Release|iPhoneSimulator = Release|iPhoneSimulator
		Release|x64 = Release|x64
		Release|x86 = Release|x86
	EndGlobalSection
	GlobalSection(ProjectConfigurationPlatforms) = postSolution
		{B49E44F3-0D13-46CB-99DC-FA108E6EE4EF}.Ad-Hoc|Any CPU.ActiveCfg = Release|Any CPU
		{B49E44F3-0D13-46CB-99DC-FA108E6EE4EF}.Ad-Hoc|Any CPU.Build.0 = Release|Any CPU
		{B49E44F3-0D13-46CB-99DC-FA108E6EE4EF}.Ad-Hoc|Any CPU.Deploy.0 = Release|Any CPU
		{B49E44F3-0D13-46CB-99DC-FA108E6EE4EF}.Ad-Hoc|ARM.ActiveCfg = Release|Any CPU
		{B49E44F3-0D13-46CB-99DC-FA108E6EE4EF}.Ad-Hoc|ARM.Build.0 = Release|Any CPU
		{B49E44F3-0D13-46CB-99DC-FA108E6EE4EF}.Ad-Hoc|ARM.Deploy.0 = Release|Any CPU
		{B49E44F3-0D13-46CB-99DC-FA108E6EE4EF}.Ad-Hoc|iPhone.ActiveCfg = Release|Any CPU
		{B49E44F3-0D13-46CB-99DC-FA108E6EE4EF}.Ad-Hoc|iPhone.Build.0 = Release|Any CPU
		{B49E44F3-0D13-46CB-99DC-FA108E6EE4EF}.Ad-Hoc|iPhone.Deploy.0 = Release|Any CPU
		{B49E44F3-0D13-46CB-99DC-FA108E6EE4EF}.Ad-Hoc|iPhoneSimulator.ActiveCfg = Release|Any CPU
		{B49E44F3-0D13-46CB-99DC-FA108E6EE4EF}.Ad-Hoc|iPhoneSimulator.Build.0 = Release|Any CPU
		{B49E44F3-0D13-46CB-99DC-FA108E6EE4EF}.Ad-Hoc|iPhoneSimulator.Deploy.0 = Release|Any CPU
		{B49E44F3-0D13-46CB-99DC-FA108E6EE4EF}.Ad-Hoc|x64.ActiveCfg = Release|Any CPU
		{B49E44F3-0D13-46CB-99DC-FA108E6EE4EF}.Ad-Hoc|x64.Build.0 = Release|Any CPU
		{B49E44F3-0D13-46CB-99DC-FA108E6EE4EF}.Ad-Hoc|x64.Deploy.0 = Release|Any CPU
		{B49E44F3-0D13-46CB-99DC-FA108E6EE4EF}.Ad-Hoc|x86.ActiveCfg = Release|Any CPU
		{B49E44F3-0D13-46CB-99DC-FA108E6EE4EF}.Ad-Hoc|x86.Build.0 = Release|Any CPU
		{B49E44F3-0D13-46CB-99DC-FA108E6EE4EF}.Ad-Hoc|x86.Deploy.0 = Release|Any CPU
		{B49E44F3-0D13-46CB-99DC-FA108E6EE4EF}.AppStore|Any CPU.ActiveCfg = Release|Any CPU
		{B49E44F3-0D13-46CB-99DC-FA108E6EE4EF}.AppStore|Any CPU.Build.0 = Release|Any CPU
		{B49E44F3-0D13-46CB-99DC-FA108E6EE4EF}.AppStore|Any CPU.Deploy.0 = Release|Any CPU
		{B49E44F3-0D13-46CB-99DC-FA108E6EE4EF}.AppStore|ARM.ActiveCfg = Release|Any CPU
		{B49E44F3-0D13-46CB-99DC-FA108E6EE4EF}.AppStore|ARM.Build.0 = Release|Any CPU
		{B49E44F3-0D13-46CB-99DC-FA108E6EE4EF}.AppStore|ARM.Deploy.0 = Release|Any CPU
		{B49E44F3-0D13-46CB-99DC-FA108E6EE4EF}.AppStore|iPhone.ActiveCfg = Release|Any CPU
		{B49E44F3-0D13-46CB-99DC-FA108E6EE4EF}.AppStore|iPhone.Build.0 = Release|Any CPU
		{B49E44F3-0D13-46CB-99DC-FA108E6EE4EF}.AppStore|iPhone.Deploy.0 = Release|Any CPU
		{B49E44F3-0D13-46CB-99DC-FA108E6EE4EF}.AppStore|iPhoneSimulator.ActiveCfg = Release|Any CPU
		{B49E44F3-0D13-46CB-99DC-FA108E6EE4EF}.AppStore|iPhoneSimulator.Build.0 = Release|Any CPU
		{B49E44F3-0D13-46CB-99DC-FA108E6EE4EF}.AppStore|iPhoneSimulator.Deploy.0 = Release|Any CPU
		{B49E44F3-0D13-46CB-99DC-FA108E6EE4EF}.AppStore|x64.ActiveCfg = Release|Any CPU
		{B49E44F3-0D13-46CB-99DC-FA108E6EE4EF}.AppStore|x64.Build.0 = Release|Any CPU
		{B49E44F3-0D13-46CB-99DC-FA108E6EE4EF}.AppStore|x64.Deploy.0 = Release|Any CPU
		{B49E44F3-0D13-46CB-99DC-FA108E6EE4EF}.AppStore|x86.ActiveCfg = Release|Any CPU
		{B49E44F3-0D13-46CB-99DC-FA108E6EE4EF}.AppStore|x86.Build.0 = Release|Any CPU
		{B49E44F3-0D13-46CB-99DC-FA108E6EE4EF}.AppStore|x86.Deploy.0 = Release|Any CPU
		{B49E44F3-0D13-46CB-99DC-FA108E6EE4EF}.Debug|Any CPU.ActiveCfg = Debug|Any CPU
		{B49E44F3-0D13-46CB-99DC-FA108E6EE4EF}.Debug|Any CPU.Build.0 = Debug|Any CPU
		{B49E44F3-0D13-46CB-99DC-FA108E6EE4EF}.Debug|Any CPU.Deploy.0 = Debug|Any CPU
		{B49E44F3-0D13-46CB-99DC-FA108E6EE4EF}.Debug|ARM.ActiveCfg = Debug|Any CPU
		{B49E44F3-0D13-46CB-99DC-FA108E6EE4EF}.Debug|ARM.Build.0 = Debug|Any CPU
		{B49E44F3-0D13-46CB-99DC-FA108E6EE4EF}.Debug|ARM.Deploy.0 = Debug|Any CPU
		{B49E44F3-0D13-46CB-99DC-FA108E6EE4EF}.Debug|iPhone.ActiveCfg = Debug|Any CPU
		{B49E44F3-0D13-46CB-99DC-FA108E6EE4EF}.Debug|iPhone.Build.0 = Debug|Any CPU
		{B49E44F3-0D13-46CB-99DC-FA108E6EE4EF}.Debug|iPhone.Deploy.0 = Debug|Any CPU
		{B49E44F3-0D13-46CB-99DC-FA108E6EE4EF}.Debug|iPhoneSimulator.ActiveCfg = Debug|Any CPU
		{B49E44F3-0D13-46CB-99DC-FA108E6EE4EF}.Debug|iPhoneSimulator.Build.0 = Debug|Any CPU
		{B49E44F3-0D13-46CB-99DC-FA108E6EE4EF}.Debug|iPhoneSimulator.Deploy.0 = Debug|Any CPU
		{B49E44F3-0D13-46CB-99DC-FA108E6EE4EF}.Debug|x64.ActiveCfg = Debug|Any CPU
		{B49E44F3-0D13-46CB-99DC-FA108E6EE4EF}.Debug|x64.Build.0 = Debug|Any CPU
		{B49E44F3-0D13-46CB-99DC-FA108E6EE4EF}.Debug|x64.Deploy.0 = Debug|Any CPU
		{B49E44F3-0D13-46CB-99DC-FA108E6EE4EF}.Debug|x86.ActiveCfg = Debug|Any CPU
		{B49E44F3-0D13-46CB-99DC-FA108E6EE4EF}.Debug|x86.Build.0 = Debug|Any CPU
		{B49E44F3-0D13-46CB-99DC-FA108E6EE4EF}.Debug|x86.Deploy.0 = Debug|Any CPU
		{B49E44F3-0D13-46CB-99DC-FA108E6EE4EF}.Release|Any CPU.ActiveCfg = Release|Any CPU
		{B49E44F3-0D13-46CB-99DC-FA108E6EE4EF}.Release|Any CPU.Build.0 = Release|Any CPU
		{B49E44F3-0D13-46CB-99DC-FA108E6EE4EF}.Release|Any CPU.Deploy.0 = Release|Any CPU
		{B49E44F3-0D13-46CB-99DC-FA108E6EE4EF}.Release|ARM.ActiveCfg = Release|Any CPU
		{B49E44F3-0D13-46CB-99DC-FA108E6EE4EF}.Release|ARM.Build.0 = Release|Any CPU
		{B49E44F3-0D13-46CB-99DC-FA108E6EE4EF}.Release|ARM.Deploy.0 = Release|Any CPU
		{B49E44F3-0D13-46CB-99DC-FA108E6EE4EF}.Release|iPhone.ActiveCfg = Release|Any CPU
		{B49E44F3-0D13-46CB-99DC-FA108E6EE4EF}.Release|iPhone.Build.0 = Release|Any CPU
		{B49E44F3-0D13-46CB-99DC-FA108E6EE4EF}.Release|iPhone.Deploy.0 = Release|Any CPU
		{B49E44F3-0D13-46CB-99DC-FA108E6EE4EF}.Release|iPhoneSimulator.ActiveCfg = Release|Any CPU
		{B49E44F3-0D13-46CB-99DC-FA108E6EE4EF}.Release|iPhoneSimulator.Build.0 = Release|Any CPU
		{B49E44F3-0D13-46CB-99DC-FA108E6EE4EF}.Release|iPhoneSimulator.Deploy.0 = Release|Any CPU
		{B49E44F3-0D13-46CB-99DC-FA108E6EE4EF}.Release|x64.ActiveCfg = Release|Any CPU
		{B49E44F3-0D13-46CB-99DC-FA108E6EE4EF}.Release|x64.Build.0 = Release|Any CPU
		{B49E44F3-0D13-46CB-99DC-FA108E6EE4EF}.Release|x64.Deploy.0 = Release|Any CPU
		{B49E44F3-0D13-46CB-99DC-FA108E6EE4EF}.Release|x86.ActiveCfg = Release|Any CPU
		{B49E44F3-0D13-46CB-99DC-FA108E6EE4EF}.Release|x86.Build.0 = Release|Any CPU
		{B49E44F3-0D13-46CB-99DC-FA108E6EE4EF}.Release|x86.Deploy.0 = Release|Any CPU
		{67AA98CD-C237-470E-9CDF-3F3D7A7ADF06}.Ad-Hoc|Any CPU.ActiveCfg = Release|x64
		{67AA98CD-C237-470E-9CDF-3F3D7A7ADF06}.Ad-Hoc|Any CPU.Build.0 = Release|x64
		{67AA98CD-C237-470E-9CDF-3F3D7A7ADF06}.Ad-Hoc|Any CPU.Deploy.0 = Release|x64
		{67AA98CD-C237-470E-9CDF-3F3D7A7ADF06}.Ad-Hoc|ARM.ActiveCfg = Release|ARM
		{67AA98CD-C237-470E-9CDF-3F3D7A7ADF06}.Ad-Hoc|ARM.Build.0 = Release|ARM
		{67AA98CD-C237-470E-9CDF-3F3D7A7ADF06}.Ad-Hoc|ARM.Deploy.0 = Release|ARM
		{67AA98CD-C237-470E-9CDF-3F3D7A7ADF06}.Ad-Hoc|iPhone.ActiveCfg = Release|x64
		{67AA98CD-C237-470E-9CDF-3F3D7A7ADF06}.Ad-Hoc|iPhone.Build.0 = Release|x64
		{67AA98CD-C237-470E-9CDF-3F3D7A7ADF06}.Ad-Hoc|iPhone.Deploy.0 = Release|x64
		{67AA98CD-C237-470E-9CDF-3F3D7A7ADF06}.Ad-Hoc|iPhoneSimulator.ActiveCfg = Release|x64
		{67AA98CD-C237-470E-9CDF-3F3D7A7ADF06}.Ad-Hoc|iPhoneSimulator.Build.0 = Release|x64
		{67AA98CD-C237-470E-9CDF-3F3D7A7ADF06}.Ad-Hoc|iPhoneSimulator.Deploy.0 = Release|x64
		{67AA98CD-C237-470E-9CDF-3F3D7A7ADF06}.Ad-Hoc|x64.ActiveCfg = Release|x64
		{67AA98CD-C237-470E-9CDF-3F3D7A7ADF06}.Ad-Hoc|x64.Build.0 = Release|x64
		{67AA98CD-C237-470E-9CDF-3F3D7A7ADF06}.Ad-Hoc|x64.Deploy.0 = Release|x64
		{67AA98CD-C237-470E-9CDF-3F3D7A7ADF06}.Ad-Hoc|x86.ActiveCfg = Release|x86
		{67AA98CD-C237-470E-9CDF-3F3D7A7ADF06}.Ad-Hoc|x86.Build.0 = Release|x86
		{67AA98CD-C237-470E-9CDF-3F3D7A7ADF06}.Ad-Hoc|x86.Deploy.0 = Release|x86
		{67AA98CD-C237-470E-9CDF-3F3D7A7ADF06}.AppStore|Any CPU.ActiveCfg = Release|x64
		{67AA98CD-C237-470E-9CDF-3F3D7A7ADF06}.AppStore|Any CPU.Build.0 = Release|x64
		{67AA98CD-C237-470E-9CDF-3F3D7A7ADF06}.AppStore|Any CPU.Deploy.0 = Release|x64
		{67AA98CD-C237-470E-9CDF-3F3D7A7ADF06}.AppStore|ARM.ActiveCfg = Release|ARM
		{67AA98CD-C237-470E-9CDF-3F3D7A7ADF06}.AppStore|ARM.Build.0 = Release|ARM
		{67AA98CD-C237-470E-9CDF-3F3D7A7ADF06}.AppStore|ARM.Deploy.0 = Release|ARM
		{67AA98CD-C237-470E-9CDF-3F3D7A7ADF06}.AppStore|iPhone.ActiveCfg = Release|x64
		{67AA98CD-C237-470E-9CDF-3F3D7A7ADF06}.AppStore|iPhone.Build.0 = Release|x64
		{67AA98CD-C237-470E-9CDF-3F3D7A7ADF06}.AppStore|iPhone.Deploy.0 = Release|x64
		{67AA98CD-C237-470E-9CDF-3F3D7A7ADF06}.AppStore|iPhoneSimulator.ActiveCfg = Release|x64
		{67AA98CD-C237-470E-9CDF-3F3D7A7ADF06}.AppStore|iPhoneSimulator.Build.0 = Release|x64
		{67AA98CD-C237-470E-9CDF-3F3D7A7ADF06}.AppStore|iPhoneSimulator.Deploy.0 = Release|x64
		{67AA98CD-C237-470E-9CDF-3F3D7A7ADF06}.AppStore|x64.ActiveCfg = Release|x64
		{67AA98CD-C237-470E-9CDF-3F3D7A7ADF06}.AppStore|x64.Build.0 = Release|x64
		{67AA98CD-C237-470E-9CDF-3F3D7A7ADF06}.AppStore|x64.Deploy.0 = Release|x64
		{67AA98CD-C237-470E-9CDF-3F3D7A7ADF06}.AppStore|x86.ActiveCfg = Release|x86
		{67AA98CD-C237-470E-9CDF-3F3D7A7ADF06}.AppStore|x86.Build.0 = Release|x86
		{67AA98CD-C237-470E-9CDF-3F3D7A7ADF06}.AppStore|x86.Deploy.0 = Release|x86
		{67AA98CD-C237-470E-9CDF-3F3D7A7ADF06}.Debug|Any CPU.ActiveCfg = Debug|x86
		{67AA98CD-C237-470E-9CDF-3F3D7A7ADF06}.Debug|ARM.ActiveCfg = Debug|ARM
		{67AA98CD-C237-470E-9CDF-3F3D7A7ADF06}.Debug|ARM.Build.0 = Debug|ARM
		{67AA98CD-C237-470E-9CDF-3F3D7A7ADF06}.Debug|ARM.Deploy.0 = Debug|ARM
		{67AA98CD-C237-470E-9CDF-3F3D7A7ADF06}.Debug|iPhone.ActiveCfg = Debug|x86
		{67AA98CD-C237-470E-9CDF-3F3D7A7ADF06}.Debug|iPhoneSimulator.ActiveCfg = Debug|x86
		{67AA98CD-C237-470E-9CDF-3F3D7A7ADF06}.Debug|x64.ActiveCfg = Debug|x64
		{67AA98CD-C237-470E-9CDF-3F3D7A7ADF06}.Debug|x64.Build.0 = Debug|x64
		{67AA98CD-C237-470E-9CDF-3F3D7A7ADF06}.Debug|x64.Deploy.0 = Debug|x64
		{67AA98CD-C237-470E-9CDF-3F3D7A7ADF06}.Debug|x86.ActiveCfg = Debug|x86
		{67AA98CD-C237-470E-9CDF-3F3D7A7ADF06}.Debug|x86.Build.0 = Debug|x86
		{67AA98CD-C237-470E-9CDF-3F3D7A7ADF06}.Debug|x86.Deploy.0 = Debug|x86
		{67AA98CD-C237-470E-9CDF-3F3D7A7ADF06}.Release|Any CPU.ActiveCfg = Release|x86
		{67AA98CD-C237-470E-9CDF-3F3D7A7ADF06}.Release|ARM.ActiveCfg = Release|ARM
		{67AA98CD-C237-470E-9CDF-3F3D7A7ADF06}.Release|ARM.Build.0 = Release|ARM
		{67AA98CD-C237-470E-9CDF-3F3D7A7ADF06}.Release|ARM.Deploy.0 = Release|ARM
		{67AA98CD-C237-470E-9CDF-3F3D7A7ADF06}.Release|iPhone.ActiveCfg = Release|x86
		{67AA98CD-C237-470E-9CDF-3F3D7A7ADF06}.Release|iPhoneSimulator.ActiveCfg = Release|x86
		{67AA98CD-C237-470E-9CDF-3F3D7A7ADF06}.Release|x64.ActiveCfg = Release|x64
		{67AA98CD-C237-470E-9CDF-3F3D7A7ADF06}.Release|x64.Build.0 = Release|x64
		{67AA98CD-C237-470E-9CDF-3F3D7A7ADF06}.Release|x64.Deploy.0 = Release|x64
		{67AA98CD-C237-470E-9CDF-3F3D7A7ADF06}.Release|x86.ActiveCfg = Release|x86
		{67AA98CD-C237-470E-9CDF-3F3D7A7ADF06}.Release|x86.Build.0 = Release|x86
		{67AA98CD-C237-470E-9CDF-3F3D7A7ADF06}.Release|x86.Deploy.0 = Release|x86
	EndGlobalSection
	GlobalSection(SolutionProperties) = preSolution
		HideSolutionNode = FALSE
	EndGlobalSection
	GlobalSection(ExtensibilityGlobals) = postSolution
		SolutionGuid = {CECBF021-CA27-418B-8736-E32FBEA9C239}
	EndGlobalSection
EndGlobal
